
Microsoft Visual Studio Solution File, Format Version 12.00
# Visual Studio Version 17
VisualStudioVersion = 17.4.33205.214
MinimumVisualStudioVersion = 10.0.40219.1
Project("{9A19103F-16F7-4668-BE54-9A1E7A4F7556}") = "TestTask_ManageTreeAndJournalOfExceptions.Web", "TestTask_ManageTreeAndJournalOfExceptions.Web\TestTask_ManageTreeAndJournalOfExceptions.Web.csproj", "{3C5B50BC-CC05-411F-B53E-E06729A68C1B}"
EndProject
Project("{9A19103F-16F7-4668-BE54-9A1E7A4F7556}") = "TestTask_ManageTreeAndJournalOfExceptions.Data", "TestTask_ManageTreeAndJournalOfExceptions.Data\TestTask_ManageTreeAndJournalOfExceptions.Data.csproj", "{255A5731-86DB-4F2B-BC2C-8746F03C9C77}"
EndProject
Project("{9A19103F-16F7-4668-BE54-9A1E7A4F7556}") = "TestTask_ManageTreeAndJournalOfExceptions.Domain", "TestTask_ManageTreeAndJournalOfExceptions.Domain\TestTask_ManageTreeAndJournalOfExceptions.Domain.csproj", "{6AED33D8-A37A-4BA4-9BB5-F7AFB26217A3}"
EndProject
Global
	GlobalSection(SolutionConfigurationPlatforms) = preSolution
		Debug|Any CPU = Debug|Any CPU
		Release|Any CPU = Release|Any CPU
	EndGlobalSection
	GlobalSection(ProjectConfigurationPlatforms) = postSolution
		{3C5B50BC-CC05-411F-B53E-E06729A68C1B}.Debug|Any CPU.ActiveCfg = Debug|Any CPU
		{3C5B50BC-CC05-411F-B53E-E06729A68C1B}.Debug|Any CPU.Build.0 = Debug|Any CPU
		{3C5B50BC-CC05-411F-B53E-E06729A68C1B}.Release|Any CPU.ActiveCfg = Release|Any CPU
		{3C5B50BC-CC05-411F-B53E-E06729A68C1B}.Release|Any CPU.Build.0 = Release|Any CPU
		{255A5731-86DB-4F2B-BC2C-8746F03C9C77}.Debug|Any CPU.ActiveCfg = Debug|Any CPU
		{255A5731-86DB-4F2B-BC2C-8746F03C9C77}.Debug|Any CPU.Build.0 = Debug|Any CPU
		{255A5731-86DB-4F2B-BC2C-8746F03C9C77}.Release|Any CPU.ActiveCfg = Release|Any CPU
		{255A5731-86DB-4F2B-BC2C-8746F03C9C77}.Release|Any CPU.Build.0 = Release|Any CPU
		{6AED33D8-A37A-4BA4-9BB5-F7AFB26217A3}.Debug|Any CPU.ActiveCfg = Debug|Any CPU
		{6AED33D8-A37A-4BA4-9BB5-F7AFB26217A3}.Debug|Any CPU.Build.0 = Debug|Any CPU
		{6AED33D8-A37A-4BA4-9BB5-F7AFB26217A3}.Release|Any CPU.ActiveCfg = Release|Any CPU
		{6AED33D8-A37A-4BA4-9BB5-F7AFB26217A3}.Release|Any CPU.Build.0 = Release|Any CPU
	EndGlobalSection
	GlobalSection(SolutionProperties) = preSolution
		HideSolutionNode = FALSE
	EndGlobalSection
	GlobalSection(ExtensibilityGlobals) = postSolution
		SolutionGuid = {14F9B35F-CE72-4C7F-A7E8-FE7AB0080112}
	EndGlobalSection
EndGlobal
